// !$*UTF8*$!
{
	archiveVersion = 1;
	classes = {
	};
	objectVersion = 50;
	objects = {

/* Begin PBXBuildFile section */
		2BD39FFE256AB1E100DD8679 /* AppDelegate.swift in Sources */ = {isa = PBXBuildFile; fileRef = 2BD39FFD256AB1E100DD8679 /* AppDelegate.swift */; };
		2BD3A000256AB1E100DD8679 /* SceneDelegate.swift in Sources */ = {isa = PBXBuildFile; fileRef = 2BD39FFF256AB1E100DD8679 /* SceneDelegate.swift */; };
		2BD3A002256AB1E100DD8679 /* ViewController.swift in Sources */ = {isa = PBXBuildFile; fileRef = 2BD3A001256AB1E100DD8679 /* ViewController.swift */; };
		2BD3A005256AB1E100DD8679 /* Main.storyboard in Resources */ = {isa = PBXBuildFile; fileRef = 2BD3A003256AB1E100DD8679 /* Main.storyboard */; };
		2BD3A007256AB1E300DD8679 /* Assets.xcassets in Resources */ = {isa = PBXBuildFile; fileRef = 2BD3A006256AB1E300DD8679 /* Assets.xcassets */; };
		2BD3A00A256AB1E300DD8679 /* LaunchScreen.storyboard in Resources */ = {isa = PBXBuildFile; fileRef = 2BD3A008256AB1E300DD8679 /* LaunchScreen.storyboard */; };
		2BD3A015256AB1E300DD8679 /* swiftDemoTests.swift in Sources */ = {isa = PBXBuildFile; fileRef = 2BD3A014256AB1E300DD8679 /* swiftDemoTests.swift */; };
		2BD3A020256AB1E300DD8679 /* swiftDemoUITests.swift in Sources */ = {isa = PBXBuildFile; fileRef = 2BD3A01F256AB1E300DD8679 /* swiftDemoUITests.swift */; };
/* End PBXBuildFile section */

/* Begin PBXContainerItemProxy section */
		2BD3A011256AB1E300DD8679 /* PBXContainerItemProxy */ = {
			isa = PBXContainerItemProxy;
			containerPortal = 2BD39FF2256AB1E100DD8679 /* Project object */;
			proxyType = 1;
			remoteGlobalIDString = 2BD39FF9256AB1E100DD8679;
			remoteInfo = swiftDemo;
		};
		2BD3A01C256AB1E300DD8679 /* PBXContainerItemProxy */ = {
			isa = PBXContainerItemProxy;
			containerPortal = 2BD39FF2256AB1E100DD8679 /* Project object */;
			proxyType = 1;
			remoteGlobalIDString = 2BD39FF9256AB1E100DD8679;
			remoteInfo = swiftDemo;
		};
/* End PBXContainerItemProxy section */

/* Begin PBXFileReference section */
		2BD39FFA256AB1E100DD8679 /* swiftDemo.app */ = {isa = PBXFileReference; explicitFileType = wrapper.application; includeInIndex = 0; path = swiftDemo.app; sourceTree = BUILT_PRODUCTS_DIR; };
		2BD39FFD256AB1E100DD8679 /* AppDelegate.swift */ = {isa = PBXFileReference; lastKnownFileType = sourcecode.swift; path = AppDelegate.swift; sourceTree = "<group>"; };
		2BD39FFF256AB1E100DD8679 /* SceneDelegate.swift */ = {isa = PBXFileReference; lastKnownFileType = sourcecode.swift; path = SceneDelegate.swift; sourceTree = "<group>"; };
		2BD3A001256AB1E100DD8679 /* ViewController.swift */ = {isa = PBXFileReference; lastKnownFileType = sourcecode.swift; path = ViewController.swift; sourceTree = "<group>"; };
		2BD3A004256AB1E100DD8679 /* Base */ = {isa = PBXFileReference; lastKnownFileType = file.storyboard; name = Base; path = Base.lproj/Main.storyboard; sourceTree = "<group>"; };
		2BD3A006256AB1E300DD8679 /* Assets.xcassets */ = {isa = PBXFileReference; lastKnownFileType = folder.assetcatalog; path = Assets.xcassets; sourceTree = "<group>"; };
		2BD3A009256AB1E300DD8679 /* Base */ = {isa = PBXFileReference; lastKnownFileType = file.storyboard; name = Base; path = Base.lproj/LaunchScreen.storyboard; sourceTree = "<group>"; };
		2BD3A00B256AB1E300DD8679 /* Info.plist */ = {isa = PBXFileReference; lastKnownFileType = text.plist.xml; path = Info.plist; sourceTree = "<group>"; };
		2BD3A010256AB1E300DD8679 /* swiftDemoTests.xctest */ = {isa = PBXFileReference; explicitFileType = wrapper.cfbundle; includeInIndex = 0; path = swiftDemoTests.xctest; sourceTree = BUILT_PRODUCTS_DIR; };
		2BD3A014256AB1E300DD8679 /* swiftDemoTests.swift */ = {isa = PBXFileReference; lastKnownFileType = sourcecode.swift; path = swiftDemoTests.swift; sourceTree = "<group>"; };
		2BD3A016256AB1E300DD8679 /* Info.plist */ = {isa = PBXFileReference; lastKnownFileType = text.plist.xml; path = Info.plist; sourceTree = "<group>"; };
		2BD3A01B256AB1E300DD8679 /* swiftDemoUITests.xctest */ = {isa = PBXFileReference; explicitFileType = wrapper.cfbundle; includeInIndex = 0; path = swiftDemoUITests.xctest; sourceTree = BUILT_PRODUCTS_DIR; };
		2BD3A01F256AB1E300DD8679 /* swiftDemoUITests.swift */ = {isa = PBXFileReference; lastKnownFileType = sourcecode.swift; path = swiftDemoUITests.swift; sourceTree = "<group>"; };
		2BD3A021256AB1E300DD8679 /* Info.plist */ = {isa = PBXFileReference; lastKnownFileType = text.plist.xml; path = Info.plist; sourceTree = "<group>"; };
/* End PBXFileReference section */

/* Begin PBXFrameworksBuildPhase section */
		2BD39FF7256AB1E100DD8679 /* Frameworks */ = {
			isa = PBXFrameworksBuildPhase;
			buildActionMask = 2147483647;
			files = (
			);
			runOnlyForDeploymentPostprocessing = 0;
		};
		2BD3A00D256AB1E300DD8679 /* Frameworks */ = {
			isa = PBXFrameworksBuildPhase;
			buildActionMask = 2147483647;
			files = (
			);
			runOnlyForDeploymentPostprocessing = 0;
		};
		2BD3A018256AB1E300DD8679 /* Frameworks */ = {
			isa = PBXFrameworksBuildPhase;
			buildActionMask = 2147483647;
			files = (
			);
			runOnlyForDeploymentPostprocessing = 0;
		};
/* End PBXFrameworksBuildPhase section */

/* Begin PBXGroup section */
		2BD39FF1256AB1E100DD8679 = {
			isa = PBXGroup;
			children = (
				2BD39FFC256AB1E100DD8679 /* swiftDemo */,
				2BD3A013256AB1E300DD8679 /* swiftDemoTests */,
				2BD3A01E256AB1E300DD8679 /* swiftDemoUITests */,
				2BD39FFB256AB1E100DD8679 /* Products */,
			);
			sourceTree = "<group>";
		};
		2BD39FFB256AB1E100DD8679 /* Products */ = {
			isa = PBXGroup;
			children = (
				2BD39FFA256AB1E100DD8679 /* swiftDemo.app */,
				2BD3A010256AB1E300DD8679 /* swiftDemoTests.xctest */,
				2BD3A01B256AB1E300DD8679 /* swiftDemoUITests.xctest */,
			);
			name = Products;
			sourceTree = "<group>";
		};
		2BD39FFC256AB1E100DD8679 /* swiftDemo */ = {
			isa = PBXGroup;
			children = (
				2BD39FFD256AB1E100DD8679 /* AppDelegate.swift */,
				2BD39FFF256AB1E100DD8679 /* SceneDelegate.swift */,
				2BD3A001256AB1E100DD8679 /* ViewController.swift */,
				2BD3A003256AB1E100DD8679 /* Main.storyboard */,
				2BD3A006256AB1E300DD8679 /* Assets.xcassets */,
				2BD3A008256AB1E300DD8679 /* LaunchScreen.storyboard */,
				2BD3A00B256AB1E300DD8679 /* Info.plist */,
			);
			path = swiftDemo;
			sourceTree = "<group>";
		};
		2BD3A013256AB1E300DD8679 /* swiftDemoTests */ = {
			isa = PBXGroup;
			children = (
				2BD3A014256AB1E300DD8679 /* swiftDemoTests.swift */,
				2BD3A016256AB1E300DD8679 /* Info.plist */,
			);
			path = swiftDemoTests;
			sourceTree = "<group>";
		};
		2BD3A01E256AB1E300DD8679 /* swiftDemoUITests */ = {
			isa = PBXGroup;
			children = (
				2BD3A01F256AB1E300DD8679 /* swiftDemoUITests.swift */,
				2BD3A021256AB1E300DD8679 /* Info.plist */,
			);
			path = swiftDemoUITests;
			sourceTree = "<group>";
		};
/* End PBXGroup section */

/* Begin PBXNativeTarget section */
		2BD39FF9256AB1E100DD8679 /* swiftDemo */ = {
			isa = PBXNativeTarget;
			buildConfigurationList = 2BD3A024256AB1E300DD8679 /* Build configuration list for PBXNativeTarget "swiftDemo" */;
			buildPhases = (
				2BD39FF6256AB1E100DD8679 /* Sources */,
				2BD39FF7256AB1E100DD8679 /* Frameworks */,
				2BD39FF8256AB1E100DD8679 /* Resources */,
			);
			buildRules = (
			);
			dependencies = (
			);
			name = swiftDemo;
			productName = swiftDemo;
			productReference = 2BD39FFA256AB1E100DD8679 /* swiftDemo.app */;
			productType = "com.apple.product-type.application";
		};
		2BD3A00F256AB1E300DD8679 /* swiftDemoTests */ = {
			isa = PBXNativeTarget;
			buildConfigurationList = 2BD3A027256AB1E300DD8679 /* Build configuration list for PBXNativeTarget "swiftDemoTests" */;
			buildPhases = (
				2BD3A00C256AB1E300DD8679 /* Sources */,
				2BD3A00D256AB1E300DD8679 /* Frameworks */,
				2BD3A00E256AB1E300DD8679 /* Resources */,
			);
			buildRules = (
			);
			dependencies = (
				2BD3A012256AB1E300DD8679 /* PBXTargetDependency */,
			);
			name = swiftDemoTests;
			productName = swiftDemoTests;
			productReference = 2BD3A010256AB1E300DD8679 /* swiftDemoTests.xctest */;
			productType = "com.apple.product-type.bundle.unit-test";
		};
		2BD3A01A256AB1E300DD8679 /* swiftDemoUITests */ = {
			isa = PBXNativeTarget;
			buildConfigurationList = 2BD3A02A256AB1E300DD8679 /* Build configuration list for PBXNativeTarget "swiftDemoUITests" */;
			buildPhases = (
				2BD3A017256AB1E300DD8679 /* Sources */,
				2BD3A018256AB1E300DD8679 /* Frameworks */,
				2BD3A019256AB1E300DD8679 /* Resources */,
			);
			buildRules = (
			);
			dependencies = (
				2BD3A01D256AB1E300DD8679 /* PBXTargetDependency */,
			);
			name = swiftDemoUITests;
			productName = swiftDemoUITests;
			productReference = 2BD3A01B256AB1E300DD8679 /* swiftDemoUITests.xctest */;
			productType = "com.apple.product-type.bundle.ui-testing";
		};
/* End PBXNativeTarget section */

/* Begin PBXProject section */
		2BD39FF2256AB1E100DD8679 /* Project object */ = {
			isa = PBXProject;
			attributes = {
				LastSwiftUpdateCheck = 1210;
				LastUpgradeCheck = 1210;
				TargetAttributes = {
					2BD39FF9256AB1E100DD8679 = {
						CreatedOnToolsVersion = 12.1;
					};
					2BD3A00F256AB1E300DD8679 = {
						CreatedOnToolsVersion = 12.1;
						TestTargetID = 2BD39FF9256AB1E100DD8679;
					};
					2BD3A01A256AB1E300DD8679 = {
						CreatedOnToolsVersion = 12.1;
						TestTargetID = 2BD39FF9256AB1E100DD8679;
					};
				};
			};
			buildConfigurationList = 2BD39FF5256AB1E100DD8679 /* Build configuration list for PBXProject "swiftDemo" */;
			compatibilityVersion = "Xcode 9.3";
			developmentRegion = en;
			hasScannedForEncodings = 0;
			knownRegions = (
				en,
				Base,
			);
			mainGroup = 2BD39FF1256AB1E100DD8679;
			productRefGroup = 2BD39FFB256AB1E100DD8679 /* Products */;
			projectDirPath = "";
			projectRoot = "";
			targets = (
				2BD39FF9256AB1E100DD8679 /* swiftDemo */,
				2BD3A00F256AB1E300DD8679 /* swiftDemoTests */,
				2BD3A01A256AB1E300DD8679 /* swiftDemoUITests */,
			);
		};
/* End PBXProject section */

/* Begin PBXResourcesBuildPhase section */
		2BD39FF8256AB1E100DD8679 /* Resources */ = {
			isa = PBXResourcesBuildPhase;
			buildActionMask = 2147483647;
			files = (
				2BD3A00A256AB1E300DD8679 /* LaunchScreen.storyboard in Resources */,
				2BD3A007256AB1E300DD8679 /* Assets.xcassets in Resources */,
				2BD3A005256AB1E100DD8679 /* Main.storyboard in Resources */,
			);
			runOnlyForDeploymentPostprocessing = 0;
		};
		2BD3A00E256AB1E300DD8679 /* Resources */ = {
			isa = PBXResourcesBuildPhase;
			buildActionMask = 2147483647;
			files = (
			);
			runOnlyForDeploymentPostprocessing = 0;
		};
		2BD3A019256AB1E300DD8679 /* Resources */ = {
			isa = PBXResourcesBuildPhase;
			buildActionMask = 2147483647;
			files = (
			);
			runOnlyForDeploymentPostprocessing = 0;
		};
/* End PBXResourcesBuildPhase section */

/* Begin PBXSourcesBuildPhase section */
		2BD39FF6256AB1E100DD8679 /* Sources */ = {
			isa = PBXSourcesBuildPhase;
			buildActionMask = 2147483647;
			files = (
				2BD3A002256AB1E100DD8679 /* ViewController.swift in Sources */,
				2BD39FFE256AB1E100DD8679 /* AppDelegate.swift in Sources */,
				2BD3A000256AB1E100DD8679 /* SceneDelegate.swift in Sources */,
			);
			runOnlyForDeploymentPostprocessing = 0;
		};
		2BD3A00C256AB1E300DD8679 /* Sources */ = {
			isa = PBXSourcesBuildPhase;
			buildActionMask = 2147483647;
			files = (
				2BD3A015256AB1E300DD8679 /* swiftDemoTests.swift in Sources */,
			);
			runOnlyForDeploymentPostprocessing = 0;
		};
		2BD3A017256AB1E300DD8679 /* Sources */ = {
			isa = PBXSourcesBuildPhase;
			buildActionMask = 2147483647;
			files = (
				2BD3A020256AB1E300DD8679 /* swiftDemoUITests.swift in Sources */,
			);
			runOnlyForDeploymentPostprocessing = 0;
		};
/* End PBXSourcesBuildPhase section */

/* Begin PBXTargetDependency section */
		2BD3A012256AB1E300DD8679 /* PBXTargetDependency */ = {
			isa = PBXTargetDependency;
			target = 2BD39FF9256AB1E100DD8679 /* swiftDemo */;
			targetProxy = 2BD3A011256AB1E300DD8679 /* PBXContainerItemProxy */;
		};
		2BD3A01D256AB1E300DD8679 /* PBXTargetDependency */ = {
			isa = PBXTargetDependency;
			target = 2BD39FF9256AB1E100DD8679 /* swiftDemo */;
			targetProxy = 2BD3A01C256AB1E300DD8679 /* PBXContainerItemProxy */;
		};
/* End PBXTargetDependency section */

/* Begin PBXVariantGroup section */
		2BD3A003256AB1E100DD8679 /* Main.storyboard */ = {
			isa = PBXVariantGroup;
			children = (
				2BD3A004256AB1E100DD8679 /* Base */,
			);
			name = Main.storyboard;
			sourceTree = "<group>";
		};
		2BD3A008256AB1E300DD8679 /* LaunchScreen.storyboard */ = {
			isa = PBXVariantGroup;
			children = (
				2BD3A009256AB1E300DD8679 /* Base */,
			);
			name = LaunchScreen.storyboard;
			sourceTree = "<group>";
		};
/* End PBXVariantGroup section */

/* Begin XCBuildConfiguration section */
		2BD3A022256AB1E300DD8679 /* Debug */ = {
			isa = XCBuildConfiguration;
			buildSettings = {
				ALWAYS_SEARCH_USER_PATHS = NO;
				CLANG_ANALYZER_NONNULL = YES;
				CLANG_ANALYZER_NUMBER_OBJECT_CONVERSION = YES_AGGRESSIVE;
				CLANG_CXX_LANGUAGE_STANDARD = "gnu++14";
				CLANG_CXX_LIBRARY = "libc++";
				CLANG_ENABLE_MODULES = YES;
				CLANG_ENABLE_OBJC_ARC = YES;
				CLANG_ENABLE_OBJC_WEAK = YES;
				CLANG_WARN_BLOCK_CAPTURE_AUTORELEASING = YES;
				CLANG_WARN_BOOL_CONVERSION = YES;
				CLANG_WARN_COMMA = YES;
				CLANG_WARN_CONSTANT_CONVERSION = YES;
				CLANG_WARN_DEPRECATED_OBJC_IMPLEMENTATIONS = YES;
				CLANG_WARN_DIRECT_OBJC_ISA_USAGE = YES_ERROR;
				CLANG_WARN_DOCUMENTATION_COMMENTS = YES;
				CLANG_WARN_EMPTY_BODY = YES;
				CLANG_WARN_ENUM_CONVERSION = YES;
				CLANG_WARN_INFINITE_RECURSION = YES;
				CLANG_WARN_INT_CONVERSION = YES;
				CLANG_WARN_NON_LITERAL_NULL_CONVERSION = YES;
				CLANG_WARN_OBJC_IMPLICIT_RETAIN_SELF = YES;
				CLANG_WARN_OBJC_LITERAL_CONVERSION = YES;
				CLANG_WARN_OBJC_ROOT_CLASS = YES_ERROR;
				CLANG_WARN_QUOTED_INCLUDE_IN_FRAMEWORK_HEADER = YES;
				CLANG_WARN_RANGE_LOOP_ANALYSIS = YES;
				CLANG_WARN_STRICT_PROTOTYPES = YES;
				CLANG_WARN_SUSPICIOUS_MOVE = YES;
				CLANG_WARN_UNGUARDED_AVAILABILITY = YES_AGGRESSIVE;
				CLANG_WARN_UNREACHABLE_CODE = YES;
				CLANG_WARN__DUPLICATE_METHOD_MATCH = YES;
				COPY_PHASE_STRIP = NO;
				DEBUG_INFORMATION_FORMAT = dwarf;
				ENABLE_STRICT_OBJC_MSGSEND = YES;
				ENABLE_TESTABILITY = YES;
				GCC_C_LANGUAGE_STANDARD = gnu11;
				GCC_DYNAMIC_NO_PIC = NO;
				GCC_NO_COMMON_BLOCKS = YES;
				GCC_OPTIMIZATION_LEVEL = 0;
				GCC_PREPROCESSOR_DEFINITIONS = (
					"DEBUG=1",
					"$(inherited)",
				);
				GCC_WARN_64_TO_32_BIT_CONVERSION = YES;
				GCC_WARN_ABOUT_RETURN_TYPE = YES_ERROR;
				GCC_WARN_UNDECLARED_SELECTOR = YES;
				GCC_WARN_UNINITIALIZED_AUTOS = YES_AGGRESSIVE;
				GCC_WARN_UNUSED_FUNCTION = YES;
				GCC_WARN_UNUSED_VARIABLE = YES;
				IPHONEOS_DEPLOYMENT_TARGET = 14.1;
				MTL_ENABLE_DEBUG_INFO = INCLUDE_SOURCE;
				MTL_FAST_MATH = YES;
				ONLY_ACTIVE_ARCH = YES;
				SDKROOT = iphoneos;
				SWIFT_ACTIVE_COMPILATION_CONDITIONS = DEBUG;
				SWIFT_OPTIMIZATION_LEVEL = "-Onone";
			};
			name = Debug;
		};
		2BD3A023256AB1E300DD8679 /* Release */ = {
			isa = XCBuildConfiguration;
			buildSettings = {
				ALWAYS_SEARCH_USER_PATHS = NO;
				CLANG_ANALYZER_NONNULL = YES;
				CLANG_ANALYZER_NUMBER_OBJECT_CONVERSION = YES_AGGRESSIVE;
				CLANG_CXX_LANGUAGE_STANDARD = "gnu++14";
				CLANG_CXX_LIBRARY = "libc++";
				CLANG_ENABLE_MODULES = YES;
				CLANG_ENABLE_OBJC_ARC = YES;
				CLANG_ENABLE_OBJC_WEAK = YES;
				CLANG_WARN_BLOCK_CAPTURE_AUTORELEASING = YES;
				CLANG_WARN_BOOL_CONVERSION = YES;
				CLANG_WARN_COMMA = YES;
				CLANG_WARN_CONSTANT_CONVERSION = YES;
				CLANG_WARN_DEPRECATED_OBJC_IMPLEMENTATIONS = YES;
				CLANG_WARN_DIRECT_OBJC_ISA_USAGE = YES_ERROR;
				CLANG_WARN_DOCUMENTATION_COMMENTS = YES;
				CLANG_WARN_EMPTY_BODY = YES;
				CLANG_WARN_ENUM_CONVERSION = YES;
				CLANG_WARN_INFINITE_RECURSION = YES;
				CLANG_WARN_INT_CONVERSION = YES;
				CLANG_WARN_NON_LITERAL_NULL_CONVERSION = YES;
				CLANG_WARN_OBJC_IMPLICIT_RETAIN_SELF = YES;
				CLANG_WARN_OBJC_LITERAL_CONVERSION = YES;
				CLANG_WARN_OBJC_ROOT_CLASS = YES_ERROR;
				CLANG_WARN_QUOTED_INCLUDE_IN_FRAMEWORK_HEADER = YES;
				CLANG_WARN_RANGE_LOOP_ANALYSIS = YES;
				CLANG_WARN_STRICT_PROTOTYPES = YES;
				CLANG_WARN_SUSPICIOUS_MOVE = YES;
				CLANG_WARN_UNGUARDED_AVAILABILITY = YES_AGGRESSIVE;
				CLANG_WARN_UNREACHABLE_CODE = YES;
				CLANG_WARN__DUPLICATE_METHOD_MATCH = YES;
				COPY_PHASE_STRIP = NO;
				DEBUG_INFORMATION_FORMAT = "dwarf-with-dsym";
				ENABLE_NS_ASSERTIONS = NO;
				ENABLE_STRICT_OBJC_MSGSEND = YES;
				GCC_C_LANGUAGE_STANDARD = gnu11;
				GCC_NO_COMMON_BLOCKS = YES;
				GCC_WARN_64_TO_32_BIT_CONVERSION = YES;
				GCC_WARN_ABOUT_RETURN_TYPE = YES_ERROR;
				GCC_WARN_UNDECLARED_SELECTOR = YES;
				GCC_WARN_UNINITIALIZED_AUTOS = YES_AGGRESSIVE;
				GCC_WARN_UNUSED_FUNCTION = YES;
				GCC_WARN_UNUSED_VARIABLE = YES;
				IPHONEOS_DEPLOYMENT_TARGET = 14.1;
				MTL_ENABLE_DEBUG_INFO = NO;
				MTL_FAST_MATH = YES;
				SDKROOT = iphoneos;
				SWIFT_COMPILATION_MODE = wholemodule;
				SWIFT_OPTIMIZATION_LEVEL = "-O";
				VALIDATE_PRODUCT = YES;
			};
			name = Release;
		};
		2BD3A025256AB1E300DD8679 /* Debug */ = {
			isa = XCBuildConfiguration;
			buildSettings = {
				ASSETCATALOG_COMPILER_APPICON_NAME = AppIcon;
				ASSETCATALOG_COMPILER_GLOBAL_ACCENT_COLOR_NAME = AccentColor;
				CODE_SIGN_STYLE = Automatic;
				INFOPLIST_FILE = swiftDemo/Info.plist;
				LD_RUNPATH_SEARCH_PATHS = (
					"$(inherited)",
					"@executable_path/Frameworks",
				);
				PRODUCT_BUNDLE_IDENTIFIER = zhangzy.swiftDemo;
				PRODUCT_NAME = "$(TARGET_NAME)";
				SWIFT_VERSION = 5.0;
				TARGETED_DEVICE_FAMILY = "1,2";
			};
			name = Debug;
		};
		2BD3A026256AB1E300DD8679 /* Release */ = {
			isa = XCBuildConfiguration;
			buildSettings = {
				ASSETCATALOG_COMPILER_APPICON_NAME = AppIcon;
				ASSETCATALOG_COMPILER_GLOBAL_ACCENT_COLOR_NAME = AccentColor;
				CODE_SIGN_STYLE = Automatic;
				INFOPLIST_FILE = swiftDemo/Info.plist;
				LD_RUNPATH_SEARCH_PATHS = (
					"$(inherited)",
					"@executable_path/Frameworks",
				);
				PRODUCT_BUNDLE_IDENTIFIER = zhangzy.swiftDemo;
				PRODUCT_NAME = "$(TARGET_NAME)";
				SWIFT_VERSION = 5.0;
				TARGETED_DEVICE_FAMILY = "1,2";
			};
			name = Release;
		};
		2BD3A028256AB1E300DD8679 /* Debug */ = {
			isa = XCBuildConfiguration;
			buildSettings = {
				ALWAYS_EMBED_SWIFT_STANDARD_LIBRARIES = YES;
				BUNDLE_LOADER = "$(TEST_HOST)";
				CODE_SIGN_STYLE = Automatic;
				INFOPLIST_FILE = swiftDemoTests/Info.plist;
				IPHONEOS_DEPLOYMENT_TARGET = 14.1;
				LD_RUNPATH_SEARCH_PATHS = (
					"$(inherited)",
					"@executable_path/Frameworks",
					"@loader_path/Frameworks",
				);
				PRODUCT_BUNDLE_IDENTIFIER = zhangzy.swiftDemoTests;
				PRODUCT_NAME = "$(TARGET_NAME)";
				SWIFT_VERSION = 5.0;
				TARGETED_DEVICE_FAMILY = "1,2";
				TEST_HOST = "$(BUILT_PRODUCTS_DIR)/swiftDemo.app/swiftDemo";
			};
			name = Debug;
		};
		2BD3A029256AB1E300DD8679 /* Release */ = {
			isa = XCBuildConfiguration;
			buildSettings = {
				ALWAYS_EMBED_SWIFT_STANDARD_LIBRARIES = YES;
				BUNDLE_LOADER = "$(TEST_HOST)";
				CODE_SIGN_STYLE = Automatic;
				INFOPLIST_FILE = swiftDemoTests/Info.plist;
				IPHONEOS_DEPLOYMENT_TARGET = 14.1;
				LD_RUNPATH_SEARCH_PATHS = (
					"$(inherited)",
					"@executable_path/Frameworks",
					"@loader_path/Frameworks",
				);
				PRODUCT_BUNDLE_IDENTIFIER = zhangzy.swiftDemoTests;
				PRODUCT_NAME = "$(TARGET_NAME)";
				SWIFT_VERSION = 5.0;
				TARGETED_DEVICE_FAMILY = "1,2";
				TEST_HOST = "$(BUILT_PRODUCTS_DIR)/swiftDemo.app/swiftDemo";
			};
			name = Release;
		};
		2BD3A02B256AB1E300DD8679 /* Debug */ = {
			isa = XCBuildConfiguration;
			buildSettings = {
				ALWAYS_EMBED_SWIFT_STANDARD_LIBRARIES = YES;
				CODE_SIGN_STYLE = Automatic;
				INFOPLIST_FILE = swiftDemoUITests/Info.plist;
				LD_RUNPATH_SEARCH_PATHS = (
					"$(inherited)",
					"@executable_path/Frameworks",
					"@loader_path/Frameworks",
				);
				PRODUCT_BUNDLE_IDENTIFIER = zhangzy.swiftDemoUITests;
				PRODUCT_NAME = "$(TARGET_NAME)";
				SWIFT_VERSION = 5.0;
				TARGETED_DEVICE_FAMILY = "1,2";
				TEST_TARGET_NAME = swiftDemo;
			};
			name = Debug;
		};
		2BD3A02C256AB1E300DD8679 /* Release */ = {
			isa = XCBuildConfiguration;
			buildSettings = {
				ALWAYS_EMBED_SWIFT_STANDARD_LIBRARIES = YES;
				CODE_SIGN_STYLE = Automatic;
				INFOPLIST_FILE = swiftDemoUITests/Info.plist;
				LD_RUNPATH_SEARCH_PATHS = (
					"$(inherited)",
					"@executable_path/Frameworks",
					"@loader_path/Frameworks",
				);
				PRODUCT_BUNDLE_IDENTIFIER = zhangzy.swiftDemoUITests;
				PRODUCT_NAME = "$(TARGET_NAME)";
				SWIFT_VERSION = 5.0;
				TARGETED_DEVICE_FAMILY = "1,2";
				TEST_TARGET_NAME = swiftDemo;
			};
			name = Release;
		};
/* End XCBuildConfiguration section */

/* Begin XCConfigurationList section */
		2BD39FF5256AB1E100DD8679 /* Build configuration list for PBXProject "swiftDemo" */ = {
			isa = XCConfigurationList;
			buildConfigurations = (
				2BD3A022256AB1E300DD8679 /* Debug */,
				2BD3A023256AB1E300DD8679 /* Release */,
			);
			defaultConfigurationIsVisible = 0;
			defaultConfigurationName = Release;
		};
		2BD3A024256AB1E300DD8679 /* Build configuration list for PBXNativeTarget "swiftDemo" */ = {
			isa = XCConfigurationList;
			buildConfigurations = (
				2BD3A025256AB1E300DD8679 /* Debug */,
				2BD3A026256AB1E300DD8679 /* Release */,
			);
			defaultConfigurationIsVisible = 0;
			defaultConfigurationName = Release;
		};
		2BD3A027256AB1E300DD8679 /* Build configuration list for PBXNativeTarget "swiftDemoTests" */ = {
			isa = XCConfigurationList;
			buildConfigurations = (
				2BD3A028256AB1E300DD8679 /* Debug */,
				2BD3A029256AB1E300DD8679 /* Release */,
			);
			defaultConfigurationIsVisible = 0;
			defaultConfigurationName = Release;
		};
		2BD3A02A256AB1E300DD8679 /* Build configuration list for PBXNativeTarget "swiftDemoUITests" */ = {
			isa = XCConfigurationList;
			buildConfigurations = (
				2BD3A02B256AB1E300DD8679 /* Debug */,
				2BD3A02C256AB1E300DD8679 /* Release */,
			);
			defaultConfigurationIsVisible = 0;
			defaultConfigurationName = Release;
		};
/* End XCConfigurationList section */
	};
	rootObject = 2BD39FF2256AB1E100DD8679 /* Project object */;
}
